// !$*UTF8*$!
{
	archiveVersion = 1;
	classes = {
	};
	objectVersion = 55;
	objects = {

/* Begin PBXBuildFile section */
		6040CAC3275BC3710023F707 /* AppDelegate.swift in Sources */ = {isa = PBXBuildFile; fileRef = 6040CAC2275BC3710023F707 /* AppDelegate.swift */; };
		6040CAC5275BC3710023F707 /* SceneDelegate.swift in Sources */ = {isa = PBXBuildFile; fileRef = 6040CAC4275BC3710023F707 /* SceneDelegate.swift */; };
		6040CAC7275BC3710023F707 /* ViewController.swift in Sources */ = {isa = PBXBuildFile; fileRef = 6040CAC6275BC3710023F707 /* ViewController.swift */; };
		6040CACA275BC3710023F707 /* Main.storyboard in Resources */ = {isa = PBXBuildFile; fileRef = 6040CAC8275BC3710023F707 /* Main.storyboard */; };
		6040CACC275BC3720023F707 /* Assets.xcassets in Resources */ = {isa = PBXBuildFile; fileRef = 6040CACB275BC3720023F707 /* Assets.xcassets */; };
		6040CACF275BC3720023F707 /* LaunchScreen.storyboard in Resources */ = {isa = PBXBuildFile; fileRef = 6040CACD275BC3720023F707 /* LaunchScreen.storyboard */; };
		6040CADA275BC3730023F707 /* RxSwiftChapt1Tests.swift in Sources */ = {isa = PBXBuildFile; fileRef = 6040CAD9275BC3730023F707 /* RxSwiftChapt1Tests.swift */; };
		6040CAE4275BC3730023F707 /* RxSwiftChapt1UITests.swift in Sources */ = {isa = PBXBuildFile; fileRef = 6040CAE3275BC3730023F707 /* RxSwiftChapt1UITests.swift */; };
		6040CAE6275BC3730023F707 /* RxSwiftChapt1UITestsLaunchTests.swift in Sources */ = {isa = PBXBuildFile; fileRef = 6040CAE5275BC3730023F707 /* RxSwiftChapt1UITestsLaunchTests.swift */; };
/* End PBXBuildFile section */

/* Begin PBXContainerItemProxy section */
		6040CAD6275BC3730023F707 /* PBXContainerItemProxy */ = {
			isa = PBXContainerItemProxy;
			containerPortal = 6040CAB7275BC3710023F707 /* Project object */;
			proxyType = 1;
			remoteGlobalIDString = 6040CABE275BC3710023F707;
			remoteInfo = RxSwiftChapt1;
		};
		6040CAE0275BC3730023F707 /* PBXContainerItemProxy */ = {
			isa = PBXContainerItemProxy;
			containerPortal = 6040CAB7275BC3710023F707 /* Project object */;
			proxyType = 1;
			remoteGlobalIDString = 6040CABE275BC3710023F707;
			remoteInfo = RxSwiftChapt1;
		};
/* End PBXContainerItemProxy section */

/* Begin PBXFileReference section */
		6040CABF275BC3710023F707 /* RxSwiftChapt1.app */ = {isa = PBXFileReference; explicitFileType = wrapper.application; includeInIndex = 0; path = RxSwiftChapt1.app; sourceTree = BUILT_PRODUCTS_DIR; };
		6040CAC2275BC3710023F707 /* AppDelegate.swift */ = {isa = PBXFileReference; lastKnownFileType = sourcecode.swift; path = AppDelegate.swift; sourceTree = "<group>"; };
		6040CAC4275BC3710023F707 /* SceneDelegate.swift */ = {isa = PBXFileReference; lastKnownFileType = sourcecode.swift; path = SceneDelegate.swift; sourceTree = "<group>"; };
		6040CAC6275BC3710023F707 /* ViewController.swift */ = {isa = PBXFileReference; lastKnownFileType = sourcecode.swift; path = ViewController.swift; sourceTree = "<group>"; };
		6040CAC9275BC3710023F707 /* Base */ = {isa = PBXFileReference; lastKnownFileType = file.storyboard; name = Base; path = Base.lproj/Main.storyboard; sourceTree = "<group>"; };
		6040CACB275BC3720023F707 /* Assets.xcassets */ = {isa = PBXFileReference; lastKnownFileType = folder.assetcatalog; path = Assets.xcassets; sourceTree = "<group>"; };
		6040CACE275BC3720023F707 /* Base */ = {isa = PBXFileReference; lastKnownFileType = file.storyboard; name = Base; path = Base.lproj/LaunchScreen.storyboard; sourceTree = "<group>"; };
		6040CAD0275BC3720023F707 /* Info.plist */ = {isa = PBXFileReference; lastKnownFileType = text.plist.xml; path = Info.plist; sourceTree = "<group>"; };
		6040CAD5275BC3730023F707 /* RxSwiftChapt1Tests.xctest */ = {isa = PBXFileReference; explicitFileType = wrapper.cfbundle; includeInIndex = 0; path = RxSwiftChapt1Tests.xctest; sourceTree = BUILT_PRODUCTS_DIR; };
		6040CAD9275BC3730023F707 /* RxSwiftChapt1Tests.swift */ = {isa = PBXFileReference; lastKnownFileType = sourcecode.swift; path = RxSwiftChapt1Tests.swift; sourceTree = "<group>"; };
		6040CADF275BC3730023F707 /* RxSwiftChapt1UITests.xctest */ = {isa = PBXFileReference; explicitFileType = wrapper.cfbundle; includeInIndex = 0; path = RxSwiftChapt1UITests.xctest; sourceTree = BUILT_PRODUCTS_DIR; };
		6040CAE3275BC3730023F707 /* RxSwiftChapt1UITests.swift */ = {isa = PBXFileReference; lastKnownFileType = sourcecode.swift; path = RxSwiftChapt1UITests.swift; sourceTree = "<group>"; };
		6040CAE5275BC3730023F707 /* RxSwiftChapt1UITestsLaunchTests.swift */ = {isa = PBXFileReference; lastKnownFileType = sourcecode.swift; path = RxSwiftChapt1UITestsLaunchTests.swift; sourceTree = "<group>"; };
/* End PBXFileReference section */

/* Begin PBXFrameworksBuildPhase section */
		6040CABC275BC3710023F707 /* Frameworks */ = {
			isa = PBXFrameworksBuildPhase;
			buildActionMask = 2147483647;
			files = (
			);
			runOnlyForDeploymentPostprocessing = 0;
		};
		6040CAD2275BC3730023F707 /* Frameworks */ = {
			isa = PBXFrameworksBuildPhase;
			buildActionMask = 2147483647;
			files = (
			);
			runOnlyForDeploymentPostprocessing = 0;
		};
		6040CADC275BC3730023F707 /* Frameworks */ = {
			isa = PBXFrameworksBuildPhase;
			buildActionMask = 2147483647;
			files = (
			);
			runOnlyForDeploymentPostprocessing = 0;
		};
/* End PBXFrameworksBuildPhase section */

/* Begin PBXGroup section */
		6040CAB6275BC3710023F707 = {
			isa = PBXGroup;
			children = (
				6040CAC1275BC3710023F707 /* RxSwiftChapt1 */,
				6040CAD8275BC3730023F707 /* RxSwiftChapt1Tests */,
				6040CAE2275BC3730023F707 /* RxSwiftChapt1UITests */,
				6040CAC0275BC3710023F707 /* Products */,
			);
			sourceTree = "<group>";
		};
		6040CAC0275BC3710023F707 /* Products */ = {
			isa = PBXGroup;
			children = (
				6040CABF275BC3710023F707 /* RxSwiftChapt1.app */,
				6040CAD5275BC3730023F707 /* RxSwiftChapt1Tests.xctest */,
				6040CADF275BC3730023F707 /* RxSwiftChapt1UITests.xctest */,
			);
			name = Products;
			sourceTree = "<group>";
		};
		6040CAC1275BC3710023F707 /* RxSwiftChapt1 */ = {
			isa = PBXGroup;
			children = (
				6040CAC2275BC3710023F707 /* AppDelegate.swift */,
				6040CAC4275BC3710023F707 /* SceneDelegate.swift */,
				6040CAC6275BC3710023F707 /* ViewController.swift */,
				6040CAC8275BC3710023F707 /* Main.storyboard */,
				6040CACB275BC3720023F707 /* Assets.xcassets */,
				6040CACD275BC3720023F707 /* LaunchScreen.storyboard */,
				6040CAD0275BC3720023F707 /* Info.plist */,
			);
			path = RxSwiftChapt1;
			sourceTree = "<group>";
		};
		6040CAD8275BC3730023F707 /* RxSwiftChapt1Tests */ = {
			isa = PBXGroup;
			children = (
				6040CAD9275BC3730023F707 /* RxSwiftChapt1Tests.swift */,
			);
			path = RxSwiftChapt1Tests;
			sourceTree = "<group>";
		};
		6040CAE2275BC3730023F707 /* RxSwiftChapt1UITests */ = {
			isa = PBXGroup;
			children = (
				6040CAE3275BC3730023F707 /* RxSwiftChapt1UITests.swift */,
				6040CAE5275BC3730023F707 /* RxSwiftChapt1UITestsLaunchTests.swift */,
			);
			path = RxSwiftChapt1UITests;
			sourceTree = "<group>";
		};
/* End PBXGroup section */

/* Begin PBXNativeTarget section */
		6040CABE275BC3710023F707 /* RxSwiftChapt1 */ = {
			isa = PBXNativeTarget;
			buildConfigurationList = 6040CAE9275BC3730023F707 /* Build configuration list for PBXNativeTarget "RxSwiftChapt1" */;
			buildPhases = (
				6040CABB275BC3710023F707 /* Sources */,
				6040CABC275BC3710023F707 /* Frameworks */,
				6040CABD275BC3710023F707 /* Resources */,
			);
			buildRules = (
			);
			dependencies = (
			);
			name = RxSwiftChapt1;
			productName = RxSwiftChapt1;
			productReference = 6040CABF275BC3710023F707 /* RxSwiftChapt1.app */;
			productType = "com.apple.product-type.application";
		};
		6040CAD4275BC3730023F707 /* RxSwiftChapt1Tests */ = {
			isa = PBXNativeTarget;
			buildConfigurationList = 6040CAEC275BC3730023F707 /* Build configuration list for PBXNativeTarget "RxSwiftChapt1Tests" */;
			buildPhases = (
				6040CAD1275BC3730023F707 /* Sources */,
				6040CAD2275BC3730023F707 /* Frameworks */,
				6040CAD3275BC3730023F707 /* Resources */,
			);
			buildRules = (
			);
			dependencies = (
				6040CAD7275BC3730023F707 /* PBXTargetDependency */,
			);
			name = RxSwiftChapt1Tests;
			productName = RxSwiftChapt1Tests;
			productReference = 6040CAD5275BC3730023F707 /* RxSwiftChapt1Tests.xctest */;
			productType = "com.apple.product-type.bundle.unit-test";
		};
		6040CADE275BC3730023F707 /* RxSwiftChapt1UITests */ = {
			isa = PBXNativeTarget;
			buildConfigurationList = 6040CAEF275BC3730023F707 /* Build configuration list for PBXNativeTarget "RxSwiftChapt1UITests" */;
			buildPhases = (
				6040CADB275BC3730023F707 /* Sources */,
				6040CADC275BC3730023F707 /* Frameworks */,
				6040CADD275BC3730023F707 /* Resources */,
			);
			buildRules = (
			);
			dependencies = (
				6040CAE1275BC3730023F707 /* PBXTargetDependency */,
			);
			name = RxSwiftChapt1UITests;
			productName = RxSwiftChapt1UITests;
			productReference = 6040CADF275BC3730023F707 /* RxSwiftChapt1UITests.xctest */;
			productType = "com.apple.product-type.bundle.ui-testing";
		};
/* End PBXNativeTarget section */

/* Begin PBXProject section */
		6040CAB7275BC3710023F707 /* Project object */ = {
			isa = PBXProject;
			attributes = {
				BuildIndependentTargetsInParallel = 1;
				LastSwiftUpdateCheck = 1310;
				LastUpgradeCheck = 1310;
				TargetAttributes = {
					6040CABE275BC3710023F707 = {
						CreatedOnToolsVersion = 13.1;
					};
					6040CAD4275BC3730023F707 = {
						CreatedOnToolsVersion = 13.1;
						TestTargetID = 6040CABE275BC3710023F707;
					};
					6040CADE275BC3730023F707 = {
						CreatedOnToolsVersion = 13.1;
						TestTargetID = 6040CABE275BC3710023F707;
					};
				};
			};
			buildConfigurationList = 6040CABA275BC3710023F707 /* Build configuration list for PBXProject "RxSwiftChapt1" */;
			compatibilityVersion = "Xcode 13.0";
			developmentRegion = en;
			hasScannedForEncodings = 0;
			knownRegions = (
				en,
				Base,
			);
			mainGroup = 6040CAB6275BC3710023F707;
			productRefGroup = 6040CAC0275BC3710023F707 /* Products */;
			projectDirPath = "";
			projectRoot = "";
			targets = (
				6040CABE275BC3710023F707 /* RxSwiftChapt1 */,
				6040CAD4275BC3730023F707 /* RxSwiftChapt1Tests */,
				6040CADE275BC3730023F707 /* RxSwiftChapt1UITests */,
			);
		};
/* End PBXProject section */

/* Begin PBXResourcesBuildPhase section */
		6040CABD275BC3710023F707 /* Resources */ = {
			isa = PBXResourcesBuildPhase;
			buildActionMask = 2147483647;
			files = (
				6040CACF275BC3720023F707 /* LaunchScreen.storyboard in Resources */,
				6040CACC275BC3720023F707 /* Assets.xcassets in Resources */,
				6040CACA275BC3710023F707 /* Main.storyboard in Resources */,
			);
			runOnlyForDeploymentPostprocessing = 0;
		};
		6040CAD3275BC3730023F707 /* Resources */ = {
			isa = PBXResourcesBuildPhase;
			buildActionMask = 2147483647;
			files = (
			);
			runOnlyForDeploymentPostprocessing = 0;
		};
		6040CADD275BC3730023F707 /* Resources */ = {
			isa = PBXResourcesBuildPhase;
			buildActionMask = 2147483647;
			files = (
			);
			runOnlyForDeploymentPostprocessing = 0;
		};
/* End PBXResourcesBuildPhase section */

/* Begin PBXSourcesBuildPhase section */
		6040CABB275BC3710023F707 /* Sources */ = {
			isa = PBXSourcesBuildPhase;
			buildActionMask = 2147483647;
			files = (
				6040CAC7275BC3710023F707 /* ViewController.swift in Sources */,
				6040CAC3275BC3710023F707 /* AppDelegate.swift in Sources */,
				6040CAC5275BC3710023F707 /* SceneDelegate.swift in Sources */,
			);
			runOnlyForDeploymentPostprocessing = 0;
		};
		6040CAD1275BC3730023F707 /* Sources */ = {
			isa = PBXSourcesBuildPhase;
			buildActionMask = 2147483647;
			files = (
				6040CADA275BC3730023F707 /* RxSwiftChapt1Tests.swift in Sources */,
			);
			runOnlyForDeploymentPostprocessing = 0;
		};
		6040CADB275BC3730023F707 /* Sources */ = {
			isa = PBXSourcesBuildPhase;
			buildActionMask = 2147483647;
			files = (
				6040CAE4275BC3730023F707 /* RxSwiftChapt1UITests.swift in Sources */,
				6040CAE6275BC3730023F707 /* RxSwiftChapt1UITestsLaunchTests.swift in Sources */,
			);
			runOnlyForDeploymentPostprocessing = 0;
		};
/* End PBXSourcesBuildPhase section */

/* Begin PBXTargetDependency section */
		6040CAD7275BC3730023F707 /* PBXTargetDependency */ = {
			isa = PBXTargetDependency;
			target = 6040CABE275BC3710023F707 /* RxSwiftChapt1 */;
			targetProxy = 6040CAD6275BC3730023F707 /* PBXContainerItemProxy */;
		};
		6040CAE1275BC3730023F707 /* PBXTargetDependency */ = {
			isa = PBXTargetDependency;
			target = 6040CABE275BC3710023F707 /* RxSwiftChapt1 */;
			targetProxy = 6040CAE0275BC3730023F707 /* PBXContainerItemProxy */;
		};
/* End PBXTargetDependency section */

/* Begin PBXVariantGroup section */
		6040CAC8275BC3710023F707 /* Main.storyboard */ = {
			isa = PBXVariantGroup;
			children = (
				6040CAC9275BC3710023F707 /* Base */,
			);
			name = Main.storyboard;
			sourceTree = "<group>";
		};
		6040CACD275BC3720023F707 /* LaunchScreen.storyboard */ = {
			isa = PBXVariantGroup;
			children = (
				6040CACE275BC3720023F707 /* Base */,
			);
			name = LaunchScreen.storyboard;
			sourceTree = "<group>";
		};
/* End PBXVariantGroup section */

/* Begin XCBuildConfiguration section */
		6040CAE7275BC3730023F707 /* Debug */ = {
			isa = XCBuildConfiguration;
			buildSettings = {
				ALWAYS_SEARCH_USER_PATHS = NO;
				CLANG_ANALYZER_NONNULL = YES;
				CLANG_ANALYZER_NUMBER_OBJECT_CONVERSION = YES_AGGRESSIVE;
				CLANG_CXX_LANGUAGE_STANDARD = "gnu++17";
				CLANG_CXX_LIBRARY = "libc++";
				CLANG_ENABLE_MODULES = YES;
				CLANG_ENABLE_OBJC_ARC = YES;
				CLANG_ENABLE_OBJC_WEAK = YES;
				CLANG_WARN_BLOCK_CAPTURE_AUTORELEASING = YES;
				CLANG_WARN_BOOL_CONVERSION = YES;
				CLANG_WARN_COMMA = YES;
				CLANG_WARN_CONSTANT_CONVERSION = YES;
				CLANG_WARN_DEPRECATED_OBJC_IMPLEMENTATIONS = YES;
				CLANG_WARN_DIRECT_OBJC_ISA_USAGE = YES_ERROR;
				CLANG_WARN_DOCUMENTATION_COMMENTS = YES;
				CLANG_WARN_EMPTY_BODY = YES;
				CLANG_WARN_ENUM_CONVERSION = YES;
				CLANG_WARN_INFINITE_RECURSION = YES;
				CLANG_WARN_INT_CONVERSION = YES;
				CLANG_WARN_NON_LITERAL_NULL_CONVERSION = YES;
				CLANG_WARN_OBJC_IMPLICIT_RETAIN_SELF = YES;
				CLANG_WARN_OBJC_LITERAL_CONVERSION = YES;
				CLANG_WARN_OBJC_ROOT_CLASS = YES_ERROR;
				CLANG_WARN_QUOTED_INCLUDE_IN_FRAMEWORK_HEADER = YES;
				CLANG_WARN_RANGE_LOOP_ANALYSIS = YES;
				CLANG_WARN_STRICT_PROTOTYPES = YES;
				CLANG_WARN_SUSPICIOUS_MOVE = YES;
				CLANG_WARN_UNGUARDED_AVAILABILITY = YES_AGGRESSIVE;
				CLANG_WARN_UNREACHABLE_CODE = YES;
				CLANG_WARN__DUPLICATE_METHOD_MATCH = YES;
				COPY_PHASE_STRIP = NO;
				DEBUG_INFORMATION_FORMAT = dwarf;
				ENABLE_STRICT_OBJC_MSGSEND = YES;
				ENABLE_TESTABILITY = YES;
				GCC_C_LANGUAGE_STANDARD = gnu11;
				GCC_DYNAMIC_NO_PIC = NO;
				GCC_NO_COMMON_BLOCKS = YES;
				GCC_OPTIMIZATION_LEVEL = 0;
				GCC_PREPROCESSOR_DEFINITIONS = (
					"DEBUG=1",
					"$(inherited)",
				);
				GCC_WARN_64_TO_32_BIT_CONVERSION = YES;
				GCC_WARN_ABOUT_RETURN_TYPE = YES_ERROR;
				GCC_WARN_UNDECLARED_SELECTOR = YES;
				GCC_WARN_UNINITIALIZED_AUTOS = YES_AGGRESSIVE;
				GCC_WARN_UNUSED_FUNCTION = YES;
				GCC_WARN_UNUSED_VARIABLE = YES;
				IPHONEOS_DEPLOYMENT_TARGET = 15.0;
				MTL_ENABLE_DEBUG_INFO = INCLUDE_SOURCE;
				MTL_FAST_MATH = YES;
				ONLY_ACTIVE_ARCH = YES;
				SDKROOT = iphoneos;
				SWIFT_ACTIVE_COMPILATION_CONDITIONS = DEBUG;
				SWIFT_OPTIMIZATION_LEVEL = "-Onone";
			};
			name = Debug;
		};
		6040CAE8275BC3730023F707 /* Release */ = {
			isa = XCBuildConfiguration;
			buildSettings = {
				ALWAYS_SEARCH_USER_PATHS = NO;
				CLANG_ANALYZER_NONNULL = YES;
				CLANG_ANALYZER_NUMBER_OBJECT_CONVERSION = YES_AGGRESSIVE;
				CLANG_CXX_LANGUAGE_STANDARD = "gnu++17";
				CLANG_CXX_LIBRARY = "libc++";
				CLANG_ENABLE_MODULES = YES;
				CLANG_ENABLE_OBJC_ARC = YES;
				CLANG_ENABLE_OBJC_WEAK = YES;
				CLANG_WARN_BLOCK_CAPTURE_AUTORELEASING = YES;
				CLANG_WARN_BOOL_CONVERSION = YES;
				CLANG_WARN_COMMA = YES;
				CLANG_WARN_CONSTANT_CONVERSION = YES;
				CLANG_WARN_DEPRECATED_OBJC_IMPLEMENTATIONS = YES;
				CLANG_WARN_DIRECT_OBJC_ISA_USAGE = YES_ERROR;
				CLANG_WARN_DOCUMENTATION_COMMENTS = YES;
				CLANG_WARN_EMPTY_BODY = YES;
				CLANG_WARN_ENUM_CONVERSION = YES;
				CLANG_WARN_INFINITE_RECURSION = YES;
				CLANG_WARN_INT_CONVERSION = YES;
				CLANG_WARN_NON_LITERAL_NULL_CONVERSION = YES;
				CLANG_WARN_OBJC_IMPLICIT_RETAIN_SELF = YES;
				CLANG_WARN_OBJC_LITERAL_CONVERSION = YES;
				CLANG_WARN_OBJC_ROOT_CLASS = YES_ERROR;
				CLANG_WARN_QUOTED_INCLUDE_IN_FRAMEWORK_HEADER = YES;
				CLANG_WARN_RANGE_LOOP_ANALYSIS = YES;
				CLANG_WARN_STRICT_PROTOTYPES = YES;
				CLANG_WARN_SUSPICIOUS_MOVE = YES;
				CLANG_WARN_UNGUARDED_AVAILABILITY = YES_AGGRESSIVE;
				CLANG_WARN_UNREACHABLE_CODE = YES;
				CLANG_WARN__DUPLICATE_METHOD_MATCH = YES;
				COPY_PHASE_STRIP = NO;
				DEBUG_INFORMATION_FORMAT = "dwarf-with-dsym";
				ENABLE_NS_ASSERTIONS = NO;
				ENABLE_STRICT_OBJC_MSGSEND = YES;
				GCC_C_LANGUAGE_STANDARD = gnu11;
				GCC_NO_COMMON_BLOCKS = YES;
				GCC_WARN_64_TO_32_BIT_CONVERSION = YES;
				GCC_WARN_ABOUT_RETURN_TYPE = YES_ERROR;
				GCC_WARN_UNDECLARED_SELECTOR = YES;
				GCC_WARN_UNINITIALIZED_AUTOS = YES_AGGRESSIVE;
				GCC_WARN_UNUSED_FUNCTION = YES;
				GCC_WARN_UNUSED_VARIABLE = YES;
				IPHONEOS_DEPLOYMENT_TARGET = 15.0;
				MTL_ENABLE_DEBUG_INFO = NO;
				MTL_FAST_MATH = YES;
				SDKROOT = iphoneos;
				SWIFT_COMPILATION_MODE = wholemodule;
				SWIFT_OPTIMIZATION_LEVEL = "-O";
				VALIDATE_PRODUCT = YES;
			};
			name = Release;
		};
		6040CAEA275BC3730023F707 /* Debug */ = {
			isa = XCBuildConfiguration;
			buildSettings = {
				ASSETCATALOG_COMPILER_APPICON_NAME = AppIcon;
				ASSETCATALOG_COMPILER_GLOBAL_ACCENT_COLOR_NAME = AccentColor;
				CODE_SIGN_STYLE = Automatic;
				CURRENT_PROJECT_VERSION = 1;
				GENERATE_INFOPLIST_FILE = YES;
				INFOPLIST_FILE = RxSwiftChapt1/Info.plist;
				INFOPLIST_KEY_UIApplicationSupportsIndirectInputEvents = YES;
				INFOPLIST_KEY_UILaunchStoryboardName = LaunchScreen;
				INFOPLIST_KEY_UIMainStoryboardFile = Main;
				INFOPLIST_KEY_UISupportedInterfaceOrientations_iPad = "UIInterfaceOrientationPortrait UIInterfaceOrientationPortraitUpsideDown UIInterfaceOrientationLandscapeLeft UIInterfaceOrientationLandscapeRight";
				INFOPLIST_KEY_UISupportedInterfaceOrientations_iPhone = "UIInterfaceOrientationPortrait UIInterfaceOrientationLandscapeLeft UIInterfaceOrientationLandscapeRight";
				LD_RUNPATH_SEARCH_PATHS = (
					"$(inherited)",
					"@executable_path/Frameworks",
				);
				MARKETING_VERSION = 1.0;
				PRODUCT_BUNDLE_IDENTIFIER = com.giovane.barreira.RxSwiftChapt1;
				PRODUCT_NAME = "$(TARGET_NAME)";
				SWIFT_EMIT_LOC_STRINGS = YES;
				SWIFT_VERSION = 5.0;
				TARGETED_DEVICE_FAMILY = "1,2";
			};
			name = Debug;
		};
		6040CAEB275BC3730023F707 /* Release */ = {
			isa = XCBuildConfiguration;
			buildSettings = {
				ASSETCATALOG_COMPILER_APPICON_NAME = AppIcon;
				ASSETCATALOG_COMPILER_GLOBAL_ACCENT_COLOR_NAME = AccentColor;
				CODE_SIGN_STYLE = Automatic;
				CURRENT_PROJECT_VERSION = 1;
				GENERATE_INFOPLIST_FILE = YES;
				INFOPLIST_FILE = RxSwiftChapt1/Info.plist;
				INFOPLIST_KEY_UIApplicationSupportsIndirectInputEvents = YES;
				INFOPLIST_KEY_UILaunchStoryboardName = LaunchScreen;
				INFOPLIST_KEY_UIMainStoryboardFile = Main;
				INFOPLIST_KEY_UISupportedInterfaceOrientations_iPad = "UIInterfaceOrientationPortrait UIInterfaceOrientationPortraitUpsideDown UIInterfaceOrientationLandscapeLeft UIInterfaceOrientationLandscapeRight";
				INFOPLIST_KEY_UISupportedInterfaceOrientations_iPhone = "UIInterfaceOrientationPortrait UIInterfaceOrientationLandscapeLeft UIInterfaceOrientationLandscapeRight";
				LD_RUNPATH_SEARCH_PATHS = (
					"$(inherited)",
					"@executable_path/Frameworks",
				);
				MARKETING_VERSION = 1.0;
				PRODUCT_BUNDLE_IDENTIFIER = com.giovane.barreira.RxSwiftChapt1;
				PRODUCT_NAME = "$(TARGET_NAME)";
				SWIFT_EMIT_LOC_STRINGS = YES;
				SWIFT_VERSION = 5.0;
				TARGETED_DEVICE_FAMILY = "1,2";
			};
			name = Release;
		};
		6040CAED275BC3730023F707 /* Debug */ = {
			isa = XCBuildConfiguration;
			buildSettings = {
				ALWAYS_EMBED_SWIFT_STANDARD_LIBRARIES = YES;
				BUNDLE_LOADER = "$(TEST_HOST)";
				CODE_SIGN_STYLE = Automatic;
				CURRENT_PROJECT_VERSION = 1;
				GENERATE_INFOPLIST_FILE = YES;
				IPHONEOS_DEPLOYMENT_TARGET = 15.0;
				LD_RUNPATH_SEARCH_PATHS = (
					"$(inherited)",
					"@executable_path/Frameworks",
					"@loader_path/Frameworks",
				);
				MARKETING_VERSION = 1.0;
				PRODUCT_BUNDLE_IDENTIFIER = com.giovane.barreira.RxSwiftChapt1Tests;
				PRODUCT_NAME = "$(TARGET_NAME)";
				SWIFT_EMIT_LOC_STRINGS = NO;
				SWIFT_VERSION = 5.0;
				TARGETED_DEVICE_FAMILY = "1,2";
				TEST_HOST = "$(BUILT_PRODUCTS_DIR)/RxSwiftChapt1.app/RxSwiftChapt1";
			};
			name = Debug;
		};
		6040CAEE275BC3730023F707 /* Release */ = {
			isa = XCBuildConfiguration;
			buildSettings = {
				ALWAYS_EMBED_SWIFT_STANDARD_LIBRARIES = YES;
				BUNDLE_LOADER = "$(TEST_HOST)";
				CODE_SIGN_STYLE = Automatic;
				CURRENT_PROJECT_VERSION = 1;
				GENERATE_INFOPLIST_FILE = YES;
				IPHONEOS_DEPLOYMENT_TARGET = 15.0;
				LD_RUNPATH_SEARCH_PATHS = (
					"$(inherited)",
					"@executable_path/Frameworks",
					"@loader_path/Frameworks",
				);
				MARKETING_VERSION = 1.0;
				PRODUCT_BUNDLE_IDENTIFIER = com.giovane.barreira.RxSwiftChapt1Tests;
				PRODUCT_NAME = "$(TARGET_NAME)";
				SWIFT_EMIT_LOC_STRINGS = NO;
				SWIFT_VERSION = 5.0;
				TARGETED_DEVICE_FAMILY = "1,2";
				TEST_HOST = "$(BUILT_PRODUCTS_DIR)/RxSwiftChapt1.app/RxSwiftChapt1";
			};
			name = Release;
		};
		6040CAF0275BC3730023F707 /* Debug */ = {
			isa = XCBuildConfiguration;
			buildSettings = {
				ALWAYS_EMBED_SWIFT_STANDARD_LIBRARIES = YES;
				CODE_SIGN_STYLE = Automatic;
				CURRENT_PROJECT_VERSION = 1;
				GENERATE_INFOPLIST_FILE = YES;
				LD_RUNPATH_SEARCH_PATHS = (
					"$(inherited)",
					"@executable_path/Frameworks",
					"@loader_path/Frameworks",
				);
				MARKETING_VERSION = 1.0;
				PRODUCT_BUNDLE_IDENTIFIER = com.giovane.barreira.RxSwiftChapt1UITests;
				PRODUCT_NAME = "$(TARGET_NAME)";
				SWIFT_EMIT_LOC_STRINGS = NO;
				SWIFT_VERSION = 5.0;
				TARGETED_DEVICE_FAMILY = "1,2";
				TEST_TARGET_NAME = RxSwiftChapt1;
			};
			name = Debug;
		};
		6040CAF1275BC3730023F707 /* Release */ = {
			isa = XCBuildConfiguration;
			buildSettings = {
				ALWAYS_EMBED_SWIFT_STANDARD_LIBRARIES = YES;
				CODE_SIGN_STYLE = Automatic;
				CURRENT_PROJECT_VERSION = 1;
				GENERATE_INFOPLIST_FILE = YES;
				LD_RUNPATH_SEARCH_PATHS = (
					"$(inherited)",
					"@executable_path/Frameworks",
					"@loader_path/Frameworks",
				);
				MARKETING_VERSION = 1.0;
				PRODUCT_BUNDLE_IDENTIFIER = com.giovane.barreira.RxSwiftChapt1UITests;
				PRODUCT_NAME = "$(TARGET_NAME)";
				SWIFT_EMIT_LOC_STRINGS = NO;
				SWIFT_VERSION = 5.0;
				TARGETED_DEVICE_FAMILY = "1,2";
				TEST_TARGET_NAME = RxSwiftChapt1;
			};
			name = Release;
		};
/* End XCBuildConfiguration section */

/* Begin XCConfigurationList section */
		6040CABA275BC3710023F707 /* Build configuration list for PBXProject "RxSwiftChapt1" */ = {
			isa = XCConfigurationList;
			buildConfigurations = (
				6040CAE7275BC3730023F707 /* Debug */,
				6040CAE8275BC3730023F707 /* Release */,
			);
			defaultConfigurationIsVisible = 0;
			defaultConfigurationName = Release;
		};
		6040CAE9275BC3730023F707 /* Build configuration list for PBXNativeTarget "RxSwiftChapt1" */ = {
			isa = XCConfigurationList;
			buildConfigurations = (
				6040CAEA275BC3730023F707 /* Debug */,
				6040CAEB275BC3730023F707 /* Release */,
			);
			defaultConfigurationIsVisible = 0;
			defaultConfigurationName = Release;
		};
		6040CAEC275BC3730023F707 /* Build configuration list for PBXNativeTarget "RxSwiftChapt1Tests" */ = {
			isa = XCConfigurationList;
			buildConfigurations = (
				6040CAED275BC3730023F707 /* Debug */,
				6040CAEE275BC3730023F707 /* Release */,
			);
			defaultConfigurationIsVisible = 0;
			defaultConfigurationName = Release;
		};
		6040CAEF275BC3730023F707 /* Build configuration list for PBXNativeTarget "RxSwiftChapt1UITests" */ = {
			isa = XCConfigurationList;
			buildConfigurations = (
				6040CAF0275BC3730023F707 /* Debug */,
				6040CAF1275BC3730023F707 /* Release */,
			);
			defaultConfigurationIsVisible = 0;
			defaultConfigurationName = Release;
		};
/* End XCConfigurationList section */
	};
	rootObject = 6040CAB7275BC3710023F707 /* Project object */;
}
