// !$*UTF8*$!
{
	archiveVersion = 1;
	classes = {
	};
	objectVersion = 55;
	objects = {

/* Begin PBXBuildFile section */
		2356418E282D4DF0000E45C5 /* AppDelegate.swift in Sources */ = {isa = PBXBuildFile; fileRef = 2356418D282D4DF0000E45C5 /* AppDelegate.swift */; };
		23564190282D4DF0000E45C5 /* SceneDelegate.swift in Sources */ = {isa = PBXBuildFile; fileRef = 2356418F282D4DF0000E45C5 /* SceneDelegate.swift */; };
		23564192282D4DF0000E45C5 /* ViewController.swift in Sources */ = {isa = PBXBuildFile; fileRef = 23564191282D4DF0000E45C5 /* ViewController.swift */; };
		23564195282D4DF0000E45C5 /* Main.storyboard in Resources */ = {isa = PBXBuildFile; fileRef = 23564193282D4DF0000E45C5 /* Main.storyboard */; };
		23564197282D4DF2000E45C5 /* Assets.xcassets in Resources */ = {isa = PBXBuildFile; fileRef = 23564196282D4DF2000E45C5 /* Assets.xcassets */; };
		2356419A282D4DF2000E45C5 /* LaunchScreen.storyboard in Resources */ = {isa = PBXBuildFile; fileRef = 23564198282D4DF2000E45C5 /* LaunchScreen.storyboard */; };
		A87382DCA55EC4F150DFB287 /* Pods_RxSwiftIOSAcademy.framework in Frameworks */ = {isa = PBXBuildFile; fileRef = 1FE24662F525BC1913F6E156 /* Pods_RxSwiftIOSAcademy.framework */; };
/* End PBXBuildFile section */

/* Begin PBXFileReference section */
		09FBBFBB885097DBD99D6113 /* Pods-RxSwiftIOSAcademy.debug.xcconfig */ = {isa = PBXFileReference; includeInIndex = 1; lastKnownFileType = text.xcconfig; name = "Pods-RxSwiftIOSAcademy.debug.xcconfig"; path = "Target Support Files/Pods-RxSwiftIOSAcademy/Pods-RxSwiftIOSAcademy.debug.xcconfig"; sourceTree = "<group>"; };
		1FE24662F525BC1913F6E156 /* Pods_RxSwiftIOSAcademy.framework */ = {isa = PBXFileReference; explicitFileType = wrapper.framework; includeInIndex = 0; path = Pods_RxSwiftIOSAcademy.framework; sourceTree = BUILT_PRODUCTS_DIR; };
		2356418A282D4DF0000E45C5 /* RxSwiftIOSAcademy.app */ = {isa = PBXFileReference; explicitFileType = wrapper.application; includeInIndex = 0; path = RxSwiftIOSAcademy.app; sourceTree = BUILT_PRODUCTS_DIR; };
		2356418D282D4DF0000E45C5 /* AppDelegate.swift */ = {isa = PBXFileReference; lastKnownFileType = sourcecode.swift; path = AppDelegate.swift; sourceTree = "<group>"; };
		2356418F282D4DF0000E45C5 /* SceneDelegate.swift */ = {isa = PBXFileReference; lastKnownFileType = sourcecode.swift; path = SceneDelegate.swift; sourceTree = "<group>"; };
		23564191282D4DF0000E45C5 /* ViewController.swift */ = {isa = PBXFileReference; lastKnownFileType = sourcecode.swift; path = ViewController.swift; sourceTree = "<group>"; };
		23564194282D4DF0000E45C5 /* Base */ = {isa = PBXFileReference; lastKnownFileType = file.storyboard; name = Base; path = Base.lproj/Main.storyboard; sourceTree = "<group>"; };
		23564196282D4DF2000E45C5 /* Assets.xcassets */ = {isa = PBXFileReference; lastKnownFileType = folder.assetcatalog; path = Assets.xcassets; sourceTree = "<group>"; };
		23564199282D4DF2000E45C5 /* Base */ = {isa = PBXFileReference; lastKnownFileType = file.storyboard; name = Base; path = Base.lproj/LaunchScreen.storyboard; sourceTree = "<group>"; };
		2356419B282D4DF2000E45C5 /* Info.plist */ = {isa = PBXFileReference; lastKnownFileType = text.plist.xml; path = Info.plist; sourceTree = "<group>"; };
		85A3CC05A43862376D354C8A /* Pods-RxSwiftIOSAcademy.release.xcconfig */ = {isa = PBXFileReference; includeInIndex = 1; lastKnownFileType = text.xcconfig; name = "Pods-RxSwiftIOSAcademy.release.xcconfig"; path = "Target Support Files/Pods-RxSwiftIOSAcademy/Pods-RxSwiftIOSAcademy.release.xcconfig"; sourceTree = "<group>"; };
/* End PBXFileReference section */

/* Begin PBXFrameworksBuildPhase section */
		23564187282D4DF0000E45C5 /* Frameworks */ = {
			isa = PBXFrameworksBuildPhase;
			buildActionMask = 2147483647;
			files = (
				A87382DCA55EC4F150DFB287 /* Pods_RxSwiftIOSAcademy.framework in Frameworks */,
			);
			runOnlyForDeploymentPostprocessing = 0;
		};
/* End PBXFrameworksBuildPhase section */

/* Begin PBXGroup section */
		1F15AA79D717436670A33FBA /* Frameworks */ = {
			isa = PBXGroup;
			children = (
				1FE24662F525BC1913F6E156 /* Pods_RxSwiftIOSAcademy.framework */,
			);
			name = Frameworks;
			sourceTree = "<group>";
		};
		23564181282D4DF0000E45C5 = {
			isa = PBXGroup;
			children = (
				2356418C282D4DF0000E45C5 /* RxSwiftIOSAcademy */,
				2356418B282D4DF0000E45C5 /* Products */,
				2DEDEB492C6CDA3F25142A08 /* Pods */,
				1F15AA79D717436670A33FBA /* Frameworks */,
			);
			sourceTree = "<group>";
		};
		2356418B282D4DF0000E45C5 /* Products */ = {
			isa = PBXGroup;
			children = (
				2356418A282D4DF0000E45C5 /* RxSwiftIOSAcademy.app */,
			);
			name = Products;
			sourceTree = "<group>";
		};
		2356418C282D4DF0000E45C5 /* RxSwiftIOSAcademy */ = {
			isa = PBXGroup;
			children = (
				2356418D282D4DF0000E45C5 /* AppDelegate.swift */,
				2356418F282D4DF0000E45C5 /* SceneDelegate.swift */,
				23564191282D4DF0000E45C5 /* ViewController.swift */,
				23564193282D4DF0000E45C5 /* Main.storyboard */,
				23564196282D4DF2000E45C5 /* Assets.xcassets */,
				23564198282D4DF2000E45C5 /* LaunchScreen.storyboard */,
				2356419B282D4DF2000E45C5 /* Info.plist */,
			);
			path = RxSwiftIOSAcademy;
			sourceTree = "<group>";
		};
		2DEDEB492C6CDA3F25142A08 /* Pods */ = {
			isa = PBXGroup;
			children = (
				09FBBFBB885097DBD99D6113 /* Pods-RxSwiftIOSAcademy.debug.xcconfig */,
				85A3CC05A43862376D354C8A /* Pods-RxSwiftIOSAcademy.release.xcconfig */,
			);
			name = Pods;
			path = Pods;
			sourceTree = "<group>";
		};
/* End PBXGroup section */

/* Begin PBXNativeTarget section */
		23564189282D4DF0000E45C5 /* RxSwiftIOSAcademy */ = {
			isa = PBXNativeTarget;
			buildConfigurationList = 2356419E282D4DF2000E45C5 /* Build configuration list for PBXNativeTarget "RxSwiftIOSAcademy" */;
			buildPhases = (
				3EF1DD796B8C99D3795E994E /* [CP] Check Pods Manifest.lock */,
				23564186282D4DF0000E45C5 /* Sources */,
				23564187282D4DF0000E45C5 /* Frameworks */,
				23564188282D4DF0000E45C5 /* Resources */,
				C6A2CB91D36B034883D76BA6 /* [CP] Embed Pods Frameworks */,
			);
			buildRules = (
			);
			dependencies = (
			);
			name = RxSwiftIOSAcademy;
			productName = RxSwiftIOSAcademy;
			productReference = 2356418A282D4DF0000E45C5 /* RxSwiftIOSAcademy.app */;
			productType = "com.apple.product-type.application";
		};
/* End PBXNativeTarget section */

/* Begin PBXProject section */
		23564182282D4DF0000E45C5 /* Project object */ = {
			isa = PBXProject;
			attributes = {
				BuildIndependentTargetsInParallel = 1;
				LastSwiftUpdateCheck = 1320;
				LastUpgradeCheck = 1320;
				TargetAttributes = {
					23564189282D4DF0000E45C5 = {
						CreatedOnToolsVersion = 13.2.1;
					};
				};
			};
			buildConfigurationList = 23564185282D4DF0000E45C5 /* Build configuration list for PBXProject "RxSwiftIOSAcademy" */;
			compatibilityVersion = "Xcode 13.0";
			developmentRegion = en;
			hasScannedForEncodings = 0;
			knownRegions = (
				en,
				Base,
			);
			mainGroup = 23564181282D4DF0000E45C5;
			productRefGroup = 2356418B282D4DF0000E45C5 /* Products */;
			projectDirPath = "";
			projectRoot = "";
			targets = (
				23564189282D4DF0000E45C5 /* RxSwiftIOSAcademy */,
			);
		};
/* End PBXProject section */

/* Begin PBXResourcesBuildPhase section */
		23564188282D4DF0000E45C5 /* Resources */ = {
			isa = PBXResourcesBuildPhase;
			buildActionMask = 2147483647;
			files = (
				2356419A282D4DF2000E45C5 /* LaunchScreen.storyboard in Resources */,
				23564197282D4DF2000E45C5 /* Assets.xcassets in Resources */,
				23564195282D4DF0000E45C5 /* Main.storyboard in Resources */,
			);
			runOnlyForDeploymentPostprocessing = 0;
		};
/* End PBXResourcesBuildPhase section */

/* Begin PBXShellScriptBuildPhase section */
		3EF1DD796B8C99D3795E994E /* [CP] Check Pods Manifest.lock */ = {
			isa = PBXShellScriptBuildPhase;
			buildActionMask = 2147483647;
			files = (
			);
			inputFileListPaths = (
			);
			inputPaths = (
				"${PODS_PODFILE_DIR_PATH}/Podfile.lock",
				"${PODS_ROOT}/Manifest.lock",
			);
			name = "[CP] Check Pods Manifest.lock";
			outputFileListPaths = (
			);
			outputPaths = (
				"$(DERIVED_FILE_DIR)/Pods-RxSwiftIOSAcademy-checkManifestLockResult.txt",
			);
			runOnlyForDeploymentPostprocessing = 0;
			shellPath = /bin/sh;
			shellScript = "diff \"${PODS_PODFILE_DIR_PATH}/Podfile.lock\" \"${PODS_ROOT}/Manifest.lock\" > /dev/null\nif [ $? != 0 ] ; then\n    # print error to STDERR\n    echo \"error: The sandbox is not in sync with the Podfile.lock. Run 'pod install' or update your CocoaPods installation.\" >&2\n    exit 1\nfi\n# This output is used by Xcode 'outputs' to avoid re-running this script phase.\necho \"SUCCESS\" > \"${SCRIPT_OUTPUT_FILE_0}\"\n";
			showEnvVarsInLog = 0;
		};
		C6A2CB91D36B034883D76BA6 /* [CP] Embed Pods Frameworks */ = {
			isa = PBXShellScriptBuildPhase;
			buildActionMask = 2147483647;
			files = (
			);
			inputFileListPaths = (
				"${PODS_ROOT}/Target Support Files/Pods-RxSwiftIOSAcademy/Pods-RxSwiftIOSAcademy-frameworks-${CONFIGURATION}-input-files.xcfilelist",
			);
			name = "[CP] Embed Pods Frameworks";
			outputFileListPaths = (
				"${PODS_ROOT}/Target Support Files/Pods-RxSwiftIOSAcademy/Pods-RxSwiftIOSAcademy-frameworks-${CONFIGURATION}-output-files.xcfilelist",
			);
			runOnlyForDeploymentPostprocessing = 0;
			shellPath = /bin/sh;
			shellScript = "\"${PODS_ROOT}/Target Support Files/Pods-RxSwiftIOSAcademy/Pods-RxSwiftIOSAcademy-frameworks.sh\"\n";
			showEnvVarsInLog = 0;
		};
/* End PBXShellScriptBuildPhase section */

/* Begin PBXSourcesBuildPhase section */
		23564186282D4DF0000E45C5 /* Sources */ = {
			isa = PBXSourcesBuildPhase;
			buildActionMask = 2147483647;
			files = (
				23564192282D4DF0000E45C5 /* ViewController.swift in Sources */,
				2356418E282D4DF0000E45C5 /* AppDelegate.swift in Sources */,
				23564190282D4DF0000E45C5 /* SceneDelegate.swift in Sources */,
			);
			runOnlyForDeploymentPostprocessing = 0;
		};
/* End PBXSourcesBuildPhase section */

/* Begin PBXVariantGroup section */
		23564193282D4DF0000E45C5 /* Main.storyboard */ = {
			isa = PBXVariantGroup;
			children = (
				23564194282D4DF0000E45C5 /* Base */,
			);
			name = Main.storyboard;
			sourceTree = "<group>";
		};
		23564198282D4DF2000E45C5 /* LaunchScreen.storyboard */ = {
			isa = PBXVariantGroup;
			children = (
				23564199282D4DF2000E45C5 /* Base */,
			);
			name = LaunchScreen.storyboard;
			sourceTree = "<group>";
		};
/* End PBXVariantGroup section */

/* Begin XCBuildConfiguration section */
		2356419C282D4DF2000E45C5 /* Debug */ = {
			isa = XCBuildConfiguration;
			buildSettings = {
				ALWAYS_SEARCH_USER_PATHS = NO;
				CLANG_ANALYZER_NONNULL = YES;
				CLANG_ANALYZER_NUMBER_OBJECT_CONVERSION = YES_AGGRESSIVE;
				CLANG_CXX_LANGUAGE_STANDARD = "gnu++17";
				CLANG_CXX_LIBRARY = "libc++";
				CLANG_ENABLE_MODULES = YES;
				CLANG_ENABLE_OBJC_ARC = YES;
				CLANG_ENABLE_OBJC_WEAK = YES;
				CLANG_WARN_BLOCK_CAPTURE_AUTORELEASING = YES;
				CLANG_WARN_BOOL_CONVERSION = YES;
				CLANG_WARN_COMMA = YES;
				CLANG_WARN_CONSTANT_CONVERSION = YES;
				CLANG_WARN_DEPRECATED_OBJC_IMPLEMENTATIONS = YES;
				CLANG_WARN_DIRECT_OBJC_ISA_USAGE = YES_ERROR;
				CLANG_WARN_DOCUMENTATION_COMMENTS = YES;
				CLANG_WARN_EMPTY_BODY = YES;
				CLANG_WARN_ENUM_CONVERSION = YES;
				CLANG_WARN_INFINITE_RECURSION = YES;
				CLANG_WARN_INT_CONVERSION = YES;
				CLANG_WARN_NON_LITERAL_NULL_CONVERSION = YES;
				CLANG_WARN_OBJC_IMPLICIT_RETAIN_SELF = YES;
				CLANG_WARN_OBJC_LITERAL_CONVERSION = YES;
				CLANG_WARN_OBJC_ROOT_CLASS = YES_ERROR;
				CLANG_WARN_QUOTED_INCLUDE_IN_FRAMEWORK_HEADER = YES;
				CLANG_WARN_RANGE_LOOP_ANALYSIS = YES;
				CLANG_WARN_STRICT_PROTOTYPES = YES;
				CLANG_WARN_SUSPICIOUS_MOVE = YES;
				CLANG_WARN_UNGUARDED_AVAILABILITY = YES_AGGRESSIVE;
				CLANG_WARN_UNREACHABLE_CODE = YES;
				CLANG_WARN__DUPLICATE_METHOD_MATCH = YES;
				COPY_PHASE_STRIP = NO;
				DEBUG_INFORMATION_FORMAT = dwarf;
				ENABLE_STRICT_OBJC_MSGSEND = YES;
				ENABLE_TESTABILITY = YES;
				GCC_C_LANGUAGE_STANDARD = gnu11;
				GCC_DYNAMIC_NO_PIC = NO;
				GCC_NO_COMMON_BLOCKS = YES;
				GCC_OPTIMIZATION_LEVEL = 0;
				GCC_PREPROCESSOR_DEFINITIONS = (
					"DEBUG=1",
					"$(inherited)",
				);
				GCC_WARN_64_TO_32_BIT_CONVERSION = YES;
				GCC_WARN_ABOUT_RETURN_TYPE = YES_ERROR;
				GCC_WARN_UNDECLARED_SELECTOR = YES;
				GCC_WARN_UNINITIALIZED_AUTOS = YES_AGGRESSIVE;
				GCC_WARN_UNUSED_FUNCTION = YES;
				GCC_WARN_UNUSED_VARIABLE = YES;
				IPHONEOS_DEPLOYMENT_TARGET = 15.2;
				MTL_ENABLE_DEBUG_INFO = INCLUDE_SOURCE;
				MTL_FAST_MATH = YES;
				ONLY_ACTIVE_ARCH = YES;
				SDKROOT = iphoneos;
				SWIFT_ACTIVE_COMPILATION_CONDITIONS = DEBUG;
				SWIFT_OPTIMIZATION_LEVEL = "-Onone";
			};
			name = Debug;
		};
		2356419D282D4DF2000E45C5 /* Release */ = {
			isa = XCBuildConfiguration;
			buildSettings = {
				ALWAYS_SEARCH_USER_PATHS = NO;
				CLANG_ANALYZER_NONNULL = YES;
				CLANG_ANALYZER_NUMBER_OBJECT_CONVERSION = YES_AGGRESSIVE;
				CLANG_CXX_LANGUAGE_STANDARD = "gnu++17";
				CLANG_CXX_LIBRARY = "libc++";
				CLANG_ENABLE_MODULES = YES;
				CLANG_ENABLE_OBJC_ARC = YES;
				CLANG_ENABLE_OBJC_WEAK = YES;
				CLANG_WARN_BLOCK_CAPTURE_AUTORELEASING = YES;
				CLANG_WARN_BOOL_CONVERSION = YES;
				CLANG_WARN_COMMA = YES;
				CLANG_WARN_CONSTANT_CONVERSION = YES;
				CLANG_WARN_DEPRECATED_OBJC_IMPLEMENTATIONS = YES;
				CLANG_WARN_DIRECT_OBJC_ISA_USAGE = YES_ERROR;
				CLANG_WARN_DOCUMENTATION_COMMENTS = YES;
				CLANG_WARN_EMPTY_BODY = YES;
				CLANG_WARN_ENUM_CONVERSION = YES;
				CLANG_WARN_INFINITE_RECURSION = YES;
				CLANG_WARN_INT_CONVERSION = YES;
				CLANG_WARN_NON_LITERAL_NULL_CONVERSION = YES;
				CLANG_WARN_OBJC_IMPLICIT_RETAIN_SELF = YES;
				CLANG_WARN_OBJC_LITERAL_CONVERSION = YES;
				CLANG_WARN_OBJC_ROOT_CLASS = YES_ERROR;
				CLANG_WARN_QUOTED_INCLUDE_IN_FRAMEWORK_HEADER = YES;
				CLANG_WARN_RANGE_LOOP_ANALYSIS = YES;
				CLANG_WARN_STRICT_PROTOTYPES = YES;
				CLANG_WARN_SUSPICIOUS_MOVE = YES;
				CLANG_WARN_UNGUARDED_AVAILABILITY = YES_AGGRESSIVE;
				CLANG_WARN_UNREACHABLE_CODE = YES;
				CLANG_WARN__DUPLICATE_METHOD_MATCH = YES;
				COPY_PHASE_STRIP = NO;
				DEBUG_INFORMATION_FORMAT = "dwarf-with-dsym";
				ENABLE_NS_ASSERTIONS = NO;
				ENABLE_STRICT_OBJC_MSGSEND = YES;
				GCC_C_LANGUAGE_STANDARD = gnu11;
				GCC_NO_COMMON_BLOCKS = YES;
				GCC_WARN_64_TO_32_BIT_CONVERSION = YES;
				GCC_WARN_ABOUT_RETURN_TYPE = YES_ERROR;
				GCC_WARN_UNDECLARED_SELECTOR = YES;
				GCC_WARN_UNINITIALIZED_AUTOS = YES_AGGRESSIVE;
				GCC_WARN_UNUSED_FUNCTION = YES;
				GCC_WARN_UNUSED_VARIABLE = YES;
				IPHONEOS_DEPLOYMENT_TARGET = 15.2;
				MTL_ENABLE_DEBUG_INFO = NO;
				MTL_FAST_MATH = YES;
				SDKROOT = iphoneos;
				SWIFT_COMPILATION_MODE = wholemodule;
				SWIFT_OPTIMIZATION_LEVEL = "-O";
				VALIDATE_PRODUCT = YES;
			};
			name = Release;
		};
		2356419F282D4DF2000E45C5 /* Debug */ = {
			isa = XCBuildConfiguration;
			baseConfigurationReference = 09FBBFBB885097DBD99D6113 /* Pods-RxSwiftIOSAcademy.debug.xcconfig */;
			buildSettings = {
				ASSETCATALOG_COMPILER_APPICON_NAME = AppIcon;
				ASSETCATALOG_COMPILER_GLOBAL_ACCENT_COLOR_NAME = AccentColor;
				CODE_SIGN_STYLE = Automatic;
				CURRENT_PROJECT_VERSION = 1;
				DEVELOPMENT_TEAM = 58JK6KJK5L;
				GENERATE_INFOPLIST_FILE = YES;
				INFOPLIST_FILE = RxSwiftIOSAcademy/Info.plist;
				INFOPLIST_KEY_UIApplicationSupportsIndirectInputEvents = YES;
				INFOPLIST_KEY_UILaunchStoryboardName = LaunchScreen;
				INFOPLIST_KEY_UIMainStoryboardFile = Main;
				INFOPLIST_KEY_UISupportedInterfaceOrientations_iPad = "UIInterfaceOrientationPortrait UIInterfaceOrientationPortraitUpsideDown UIInterfaceOrientationLandscapeLeft UIInterfaceOrientationLandscapeRight";
				INFOPLIST_KEY_UISupportedInterfaceOrientations_iPhone = "UIInterfaceOrientationPortrait UIInterfaceOrientationLandscapeLeft UIInterfaceOrientationLandscapeRight";
				LD_RUNPATH_SEARCH_PATHS = (
					"$(inherited)",
					"@executable_path/Frameworks",
				);
				MARKETING_VERSION = 1.0;
				PRODUCT_BUNDLE_IDENTIFIER = com.br.gb.RxSwiftIOSAcademy;
				PRODUCT_NAME = "$(TARGET_NAME)";
				SWIFT_EMIT_LOC_STRINGS = YES;
				SWIFT_VERSION = 5.0;
				TARGETED_DEVICE_FAMILY = "1,2";
			};
			name = Debug;
		};
		235641A0282D4DF2000E45C5 /* Release */ = {
			isa = XCBuildConfiguration;
			baseConfigurationReference = 85A3CC05A43862376D354C8A /* Pods-RxSwiftIOSAcademy.release.xcconfig */;
			buildSettings = {
				ASSETCATALOG_COMPILER_APPICON_NAME = AppIcon;
				ASSETCATALOG_COMPILER_GLOBAL_ACCENT_COLOR_NAME = AccentColor;
				CODE_SIGN_STYLE = Automatic;
				CURRENT_PROJECT_VERSION = 1;
				DEVELOPMENT_TEAM = 58JK6KJK5L;
				GENERATE_INFOPLIST_FILE = YES;
				INFOPLIST_FILE = RxSwiftIOSAcademy/Info.plist;
				INFOPLIST_KEY_UIApplicationSupportsIndirectInputEvents = YES;
				INFOPLIST_KEY_UILaunchStoryboardName = LaunchScreen;
				INFOPLIST_KEY_UIMainStoryboardFile = Main;
				INFOPLIST_KEY_UISupportedInterfaceOrientations_iPad = "UIInterfaceOrientationPortrait UIInterfaceOrientationPortraitUpsideDown UIInterfaceOrientationLandscapeLeft UIInterfaceOrientationLandscapeRight";
				INFOPLIST_KEY_UISupportedInterfaceOrientations_iPhone = "UIInterfaceOrientationPortrait UIInterfaceOrientationLandscapeLeft UIInterfaceOrientationLandscapeRight";
				LD_RUNPATH_SEARCH_PATHS = (
					"$(inherited)",
					"@executable_path/Frameworks",
				);
				MARKETING_VERSION = 1.0;
				PRODUCT_BUNDLE_IDENTIFIER = com.br.gb.RxSwiftIOSAcademy;
				PRODUCT_NAME = "$(TARGET_NAME)";
				SWIFT_EMIT_LOC_STRINGS = YES;
				SWIFT_VERSION = 5.0;
				TARGETED_DEVICE_FAMILY = "1,2";
			};
			name = Release;
		};
/* End XCBuildConfiguration section */

/* Begin XCConfigurationList section */
		23564185282D4DF0000E45C5 /* Build configuration list for PBXProject "RxSwiftIOSAcademy" */ = {
			isa = XCConfigurationList;
			buildConfigurations = (
				2356419C282D4DF2000E45C5 /* Debug */,
				2356419D282D4DF2000E45C5 /* Release */,
			);
			defaultConfigurationIsVisible = 0;
			defaultConfigurationName = Release;
		};
		2356419E282D4DF2000E45C5 /* Build configuration list for PBXNativeTarget "RxSwiftIOSAcademy" */ = {
			isa = XCConfigurationList;
			buildConfigurations = (
				2356419F282D4DF2000E45C5 /* Debug */,
				235641A0282D4DF2000E45C5 /* Release */,
			);
			defaultConfigurationIsVisible = 0;
			defaultConfigurationName = Release;
		};
/* End XCConfigurationList section */
	};
	rootObject = 23564182282D4DF0000E45C5 /* Project object */;
}
